
Microsoft Visual Studio Solution File, Format Version 12.00
# Visual Studio Version 16
VisualStudioVersion = 16.0.29503.13
MinimumVisualStudioVersion = 10.0.40219.1
Project("{8BC9CEB8-8B4A-11D0-8D11-00A0C91BC942}") = "18观察者模式", "18观察者模式\18观察者模式.vcxproj", "{31042E07-7C71-4B7F-AC1F-7A4B3BC8B1A8}"
EndProject
Global
	GlobalSection(SolutionConfigurationPlatforms) = preSolution
		Debug|x64 = Debug|x64
		Debug|x86 = Debug|x86
		Release|x64 = Release|x64
		Release|x86 = Release|x86
	EndGlobalSection
	GlobalSection(ProjectConfigurationPlatforms) = postSolution
		{31042E07-7C71-4B7F-AC1F-7A4B3BC8B1A8}.Debug|x64.ActiveCfg = Debug|x64
		{31042E07-7C71-4B7F-AC1F-7A4B3BC8B1A8}.Debug|x64.Build.0 = Debug|x64
		{31042E07-7C71-4B7F-AC1F-7A4B3BC8B1A8}.Debug|x86.ActiveCfg = Debug|Win32
		{31042E07-7C71-4B7F-AC1F-7A4B3BC8B1A8}.Debug|x86.Build.0 = Debug|Win32
		{31042E07-7C71-4B7F-AC1F-7A4B3BC8B1A8}.Release|x64.ActiveCfg = Release|x64
		{31042E07-7C71-4B7F-AC1F-7A4B3BC8B1A8}.Release|x64.Build.0 = Release|x64
		{31042E07-7C71-4B7F-AC1F-7A4B3BC8B1A8}.Release|x86.ActiveCfg = Release|Win32
		{31042E07-7C71-4B7F-AC1F-7A4B3BC8B1A8}.Release|x86.Build.0 = Release|Win32
	EndGlobalSection
	GlobalSection(SolutionProperties) = preSolution
		HideSolutionNode = FALSE
	EndGlobalSection
	GlobalSection(ExtensibilityGlobals) = postSolution
		SolutionGuid = {48885DB1-B605-432A-8021-74233E548780}
	EndGlobalSection
EndGlobal
